
Microsoft Visual Studio Solution File, Format Version 12.00
# Visual Studio Version 17
VisualStudioVersion = 17.2.32630.192
MinimumVisualStudioVersion = 10.0.40219.1
Project("{FAE04EC0-301F-11D3-BF4B-00C04F79EFBC}") = "PublishSymlinkWebConfigFileAccessErrorRepro", "PublishSymlinkWebConfigFileAccessErrorRepro\PublishSymlinkWebConfigFileAccessErrorRepro.csproj", "{C16E15F9-DC70-498F-9FEE-E9C162C2CD22}"
EndProject
Global
	GlobalSection(SolutionConfigurationPlatforms) = preSolution
		Debug|Any CPU = Debug|Any CPU
		Release|Any CPU = Release|Any CPU
	EndGlobalSection
	GlobalSection(ProjectConfigurationPlatforms) = postSolution
		{C16E15F9-DC70-498F-9FEE-E9C162C2CD22}.Debug|Any CPU.ActiveCfg = Debug|Any CPU
		{C16E15F9-DC70-498F-9FEE-E9C162C2CD22}.Debug|Any CPU.Build.0 = Debug|Any CPU
		{C16E15F9-DC70-498F-9FEE-E9C162C2CD22}.Release|Any CPU.ActiveCfg = Release|Any CPU
		{C16E15F9-DC70-498F-9FEE-E9C162C2CD22}.Release|Any CPU.Build.0 = Release|Any CPU
	EndGlobalSection
	GlobalSection(SolutionProperties) = preSolution
		HideSolutionNode = FALSE
	EndGlobalSection
	GlobalSection(ExtensibilityGlobals) = postSolution
		SolutionGuid = {D51DA57E-95E7-4719-81AB-D868FBD18E7E}
	EndGlobalSection
EndGlobal
